
Microsoft Visual Studio Solution File, Format Version 12.00
# Visual Studio Version 16
VisualStudioVersion = 16.0.31205.134
MinimumVisualStudioVersion = 10.0.40219.1
Project("{8BC9CEB8-8B4A-11D0-8D11-00A0C91BC942}") = "CPP", "CPP.vcxproj", "{5C0FF08F-89CE-4C6E-BC52-7CE3C54A01DD}"
EndProject
Global
	GlobalSection(SolutionConfigurationPlatforms) = preSolution
		Debug|x64 = Debug|x64
		Debug|x86 = Debug|x86
		Release|x64 = Release|x64
		Release|x86 = Release|x86
	EndGlobalSection
	GlobalSection(ProjectConfigurationPlatforms) = postSolution
		{5C0FF08F-89CE-4C6E-BC52-7CE3C54A01DD}.Debug|x64.ActiveCfg = Debug|x64
		{5C0FF08F-89CE-4C6E-BC52-7CE3C54A01DD}.Debug|x64.Build.0 = Debug|x64
		{5C0FF08F-89CE-4C6E-BC52-7CE3C54A01DD}.Debug|x86.ActiveCfg = Debug|Win32
		{5C0FF08F-89CE-4C6E-BC52-7CE3C54A01DD}.Debug|x86.Build.0 = Debug|Win32
		{5C0FF08F-89CE-4C6E-BC52-7CE3C54A01DD}.Release|x64.ActiveCfg = Release|x64
		{5C0FF08F-89CE-4C6E-BC52-7CE3C54A01DD}.Release|x64.Build.0 = Release|x64
		{5C0FF08F-89CE-4C6E-BC52-7CE3C54A01DD}.Release|x86.ActiveCfg = Release|Win32
		{5C0FF08F-89CE-4C6E-BC52-7CE3C54A01DD}.Release|x86.Build.0 = Release|Win32
	EndGlobalSection
	GlobalSection(SolutionProperties) = preSolution
		HideSolutionNode = FALSE
	EndGlobalSection
	GlobalSection(ExtensibilityGlobals) = postSolution
		SolutionGuid = {037C1D74-38D5-491F-B0EF-DC154FB11AB7}
	EndGlobalSection
EndGlobal
